
Microsoft Visual Studio Solution File, Format Version 12.00
# Visual Studio Version 17
VisualStudioVersion = 17.7.34031.279
MinimumVisualStudioVersion = 10.0.40219.1
Project("{FAE04EC0-301F-11D3-BF4B-00C04F79EFBC}") = "Assignment 2", "Assignment 2\Assignment 2.csproj", "{C2A4AC6A-7630-440C-919F-ADE7A1692547}"
EndProject
Global
	GlobalSection(SolutionConfigurationPlatforms) = preSolution
		Debug|Any CPU = Debug|Any CPU
		Release|Any CPU = Release|Any CPU
	EndGlobalSection
	GlobalSection(ProjectConfigurationPlatforms) = postSolution
		{C2A4AC6A-7630-440C-919F-ADE7A1692547}.Debug|Any CPU.ActiveCfg = Debug|Any CPU
		{C2A4AC6A-7630-440C-919F-ADE7A1692547}.Debug|Any CPU.Build.0 = Debug|Any CPU
		{C2A4AC6A-7630-440C-919F-ADE7A1692547}.Release|Any CPU.ActiveCfg = Release|Any CPU
		{C2A4AC6A-7630-440C-919F-ADE7A1692547}.Release|Any CPU.Build.0 = Release|Any CPU
	EndGlobalSection
	GlobalSection(SolutionProperties) = preSolution
		HideSolutionNode = FALSE
	EndGlobalSection
	GlobalSection(ExtensibilityGlobals) = postSolution
		SolutionGuid = {EA9BF0FA-2BB2-4067-B006-73B93B9A6307}
	EndGlobalSection
EndGlobal
